
Microsoft Visual Studio Solution File, Format Version 12.00
# Visual Studio Version 17
VisualStudioVersion = 17.12.35527.113
MinimumVisualStudioVersion = 10.0.40219.1
Project("{FAE04EC0-301F-11D3-BF4B-00C04F79EFBC}") = "HospitalAppointment.UI", "HospitalAppointment.UI\HospitalAppointment.UI.csproj", "{58F8DF54-B702-45AD-BD09-0087CC4F6ACF}"
EndProject
Project("{FAE04EC0-301F-11D3-BF4B-00C04F79EFBC}") = "HospitalAppointment.Entities", "HospitalAppointment.Entities\HospitalAppointment.Entities.csproj", "{97CDB30B-2736-4A34-B3F6-90CB041CA1EF}"
EndProject
Project("{FAE04EC0-301F-11D3-BF4B-00C04F79EFBC}") = "HospitalAppointment.DataAccess", "HospitalAppointment.DataAccess\HospitalAppointment.DataAccess.csproj", "{B0979784-DC99-45E1-B52D-1D1B72F717E3}"
EndProject
Project("{FAE04EC0-301F-11D3-BF4B-00C04F79EFBC}") = "HospitalAppointment.Business", "HospitalAppointment.Business\HospitalAppointment.Business.csproj", "{2D3E6A03-DFD2-46D7-8308-8EBED612B5C8}"
EndProject
Project("{2150E333-8FDC-42A3-9474-1A3956D46DE8}") = "Solution Items", "Solution Items", "{5480646A-D5EE-4291-9F4B-FF41FCE60DD0}"
EndProject
Global
	GlobalSection(SolutionConfigurationPlatforms) = preSolution
		Debug|Any CPU = Debug|Any CPU
		Release|Any CPU = Release|Any CPU
	EndGlobalSection
	GlobalSection(ProjectConfigurationPlatforms) = postSolution
		{58F8DF54-B702-45AD-BD09-0087CC4F6ACF}.Debug|Any CPU.ActiveCfg = Debug|Any CPU
		{58F8DF54-B702-45AD-BD09-0087CC4F6ACF}.Debug|Any CPU.Build.0 = Debug|Any CPU
		{58F8DF54-B702-45AD-BD09-0087CC4F6ACF}.Release|Any CPU.ActiveCfg = Release|Any CPU
		{58F8DF54-B702-45AD-BD09-0087CC4F6ACF}.Release|Any CPU.Build.0 = Release|Any CPU
		{97CDB30B-2736-4A34-B3F6-90CB041CA1EF}.Debug|Any CPU.ActiveCfg = Debug|Any CPU
		{97CDB30B-2736-4A34-B3F6-90CB041CA1EF}.Debug|Any CPU.Build.0 = Debug|Any CPU
		{97CDB30B-2736-4A34-B3F6-90CB041CA1EF}.Release|Any CPU.ActiveCfg = Release|Any CPU
		{97CDB30B-2736-4A34-B3F6-90CB041CA1EF}.Release|Any CPU.Build.0 = Release|Any CPU
		{B0979784-DC99-45E1-B52D-1D1B72F717E3}.Debug|Any CPU.ActiveCfg = Debug|Any CPU
		{B0979784-DC99-45E1-B52D-1D1B72F717E3}.Debug|Any CPU.Build.0 = Debug|Any CPU
		{B0979784-DC99-45E1-B52D-1D1B72F717E3}.Release|Any CPU.ActiveCfg = Release|Any CPU
		{B0979784-DC99-45E1-B52D-1D1B72F717E3}.Release|Any CPU.Build.0 = Release|Any CPU
		{2D3E6A03-DFD2-46D7-8308-8EBED612B5C8}.Debug|Any CPU.ActiveCfg = Debug|Any CPU
		{2D3E6A03-DFD2-46D7-8308-8EBED612B5C8}.Debug|Any CPU.Build.0 = Debug|Any CPU
		{2D3E6A03-DFD2-46D7-8308-8EBED612B5C8}.Release|Any CPU.ActiveCfg = Release|Any CPU
		{2D3E6A03-DFD2-46D7-8308-8EBED612B5C8}.Release|Any CPU.Build.0 = Release|Any CPU
	EndGlobalSection
	GlobalSection(SolutionProperties) = preSolution
		HideSolutionNode = FALSE
	EndGlobalSection
EndGlobal
